Microsoft Visual Studio Solution File, Format Version 8.00
Project("{6989167D-11E4-40FE-8C1A-2192A86A7E90}") = "TixidemoF", "TixidemoF.vfproj", "{D2CD8BDE-5183-4042-9EBE-CFBC13E5DA17}"
	ProjectSection(ProjectDependencies) = postProject
	EndProjectSection
EndProject
Global
	GlobalSection(SolutionConfiguration) = preSolution
		Debug = Debug
		Release = Release
	EndGlobalSection
	GlobalSection(ProjectConfiguration) = postSolution
		{D2CD8BDE-5183-4042-9EBE-CFBC13E5DA17}.Debug.ActiveCfg = Debug|Win32
		{D2CD8BDE-5183-4042-9EBE-CFBC13E5DA17}.Debug.Build.0 = Debug|Win32
		{D2CD8BDE-5183-4042-9EBE-CFBC13E5DA17}.Release.ActiveCfg = Release|Win32
		{D2CD8BDE-5183-4042-9EBE-CFBC13E5DA17}.Release.Build.0 = Release|Win32
	EndGlobalSection
	GlobalSection(ExtensibilityGlobals) = postSolution
	EndGlobalSection
	GlobalSection(ExtensibilityAddIns) = postSolution
	EndGlobalSection
EndGlobal
